# THIS IS AN AUTOGENERATED FILE. DO NOT EDIT THIS FILE DIRECTLY.
# yarn lockfile v1


three@^0.172.0:
  version "0.172.0"
  resolved "https://registry.yarnpkg.com/three/-/three-0.172.0.tgz#6944a72f8439e8f7e4b034c8539ec82f5ebe0082"
  integrity sha512-6HMgMlzU97MsV7D/tY8Va38b83kz8YJX+BefKjspMNAv0Vx6dxMogHOrnRl/sbMIs3BPUKijPqDqJ/+UwJbIow==
